
Microsoft Visual Studio Solution File, Format Version 12.00
# Visual Studio Version 17
VisualStudioVersion = 17.7.34024.191
MinimumVisualStudioVersion = 10.0.40219.1
Project("{FAE04EC0-301F-11D3-BF4B-00C04F79EFBC}") = "Task1", "Task1\Task1.csproj", "{EBBE9BEE-2E77-4335-A4A1-37EC7E0E6472}"
EndProject
Project("{FAE04EC0-301F-11D3-BF4B-00C04F79EFBC}") = "Task2", "Task2\Task2.csproj", "{0CCA9D17-74C2-4632-ABEF-9758EFE1AEEB}"
EndProject
Global
	GlobalSection(SolutionConfigurationPlatforms) = preSolution
		Debug|Any CPU = Debug|Any CPU
		Release|Any CPU = Release|Any CPU
	EndGlobalSection
	GlobalSection(ProjectConfigurationPlatforms) = postSolution
		{EBBE9BEE-2E77-4335-A4A1-37EC7E0E6472}.Debug|Any CPU.ActiveCfg = Debug|Any CPU
		{EBBE9BEE-2E77-4335-A4A1-37EC7E0E6472}.Debug|Any CPU.Build.0 = Debug|Any CPU
		{EBBE9BEE-2E77-4335-A4A1-37EC7E0E6472}.Release|Any CPU.ActiveCfg = Release|Any CPU
		{EBBE9BEE-2E77-4335-A4A1-37EC7E0E6472}.Release|Any CPU.Build.0 = Release|Any CPU
		{0CCA9D17-74C2-4632-ABEF-9758EFE1AEEB}.Debug|Any CPU.ActiveCfg = Debug|Any CPU
		{0CCA9D17-74C2-4632-ABEF-9758EFE1AEEB}.Debug|Any CPU.Build.0 = Debug|Any CPU
		{0CCA9D17-74C2-4632-ABEF-9758EFE1AEEB}.Release|Any CPU.ActiveCfg = Release|Any CPU
		{0CCA9D17-74C2-4632-ABEF-9758EFE1AEEB}.Release|Any CPU.Build.0 = Release|Any CPU
	EndGlobalSection
	GlobalSection(SolutionProperties) = preSolution
		HideSolutionNode = FALSE
	EndGlobalSection
	GlobalSection(ExtensibilityGlobals) = postSolution
		SolutionGuid = {A5376434-C8A1-45BF-904A-FF39A1A24298}
	EndGlobalSection
EndGlobal
